// !$*UTF8*$!
{
	archiveVersion = 1;
	classes = {
	};
	objectVersion = 50;
	objects = {

/* Begin PBXBuildFile section */
		882AE1E1243F325A00302142 /* AppDelegate.swift in Sources */ = {isa = PBXBuildFile; fileRef = 882AE1E0243F325A00302142 /* AppDelegate.swift */; };
		882AE1E3243F325A00302142 /* SceneDelegate.swift in Sources */ = {isa = PBXBuildFile; fileRef = 882AE1E2243F325A00302142 /* SceneDelegate.swift */; };
		882AE1E5243F325A00302142 /* ViewController.swift in Sources */ = {isa = PBXBuildFile; fileRef = 882AE1E4243F325A00302142 /* ViewController.swift */; };
		882AE1E8243F325A00302142 /* Main.storyboard in Resources */ = {isa = PBXBuildFile; fileRef = 882AE1E6243F325A00302142 /* Main.storyboard */; };
		882AE1EA243F325F00302142 /* Assets.xcassets in Resources */ = {isa = PBXBuildFile; fileRef = 882AE1E9243F325F00302142 /* Assets.xcassets */; };
		882AE1ED243F325F00302142 /* LaunchScreen.storyboard in Resources */ = {isa = PBXBuildFile; fileRef = 882AE1EB243F325F00302142 /* LaunchScreen.storyboard */; };
		882AE1F8243F325F00302142 /* Swift5IntroApp1Tests.swift in Sources */ = {isa = PBXBuildFile; fileRef = 882AE1F7243F325F00302142 /* Swift5IntroApp1Tests.swift */; };
		882AE203243F325F00302142 /* Swift5IntroApp1UITests.swift in Sources */ = {isa = PBXBuildFile; fileRef = 882AE202243F325F00302142 /* Swift5IntroApp1UITests.swift */; };
/* End PBXBuildFile section */

/* Begin PBXContainerItemProxy section */
		882AE1F4243F325F00302142 /* PBXContainerItemProxy */ = {
			isa = PBXContainerItemProxy;
			containerPortal = 882AE1D5243F325A00302142 /* Project object */;
			proxyType = 1;
			remoteGlobalIDString = 882AE1DC243F325A00302142;
			remoteInfo = Swift5IntroApp1;
		};
		882AE1FF243F325F00302142 /* PBXContainerItemProxy */ = {
			isa = PBXContainerItemProxy;
			containerPortal = 882AE1D5243F325A00302142 /* Project object */;
			proxyType = 1;
			remoteGlobalIDString = 882AE1DC243F325A00302142;
			remoteInfo = Swift5IntroApp1;
		};
/* End PBXContainerItemProxy section */

/* Begin PBXFileReference section */
		882AE1DD243F325A00302142 /* Swift5IntroApp1.app */ = {isa = PBXFileReference; explicitFileType = wrapper.application; includeInIndex = 0; path = Swift5IntroApp1.app; sourceTree = BUILT_PRODUCTS_DIR; };
		882AE1E0243F325A00302142 /* AppDelegate.swift */ = {isa = PBXFileReference; lastKnownFileType = sourcecode.swift; path = AppDelegate.swift; sourceTree = "<group>"; };
		882AE1E2243F325A00302142 /* SceneDelegate.swift */ = {isa = PBXFileReference; lastKnownFileType = sourcecode.swift; path = SceneDelegate.swift; sourceTree = "<group>"; };
		882AE1E4243F325A00302142 /* ViewController.swift */ = {isa = PBXFileReference; lastKnownFileType = sourcecode.swift; path = ViewController.swift; sourceTree = "<group>"; };
		882AE1E7243F325A00302142 /* Base */ = {isa = PBXFileReference; lastKnownFileType = file.storyboard; name = Base; path = Base.lproj/Main.storyboard; sourceTree = "<group>"; };
		882AE1E9243F325F00302142 /* Assets.xcassets */ = {isa = PBXFileReference; lastKnownFileType = folder.assetcatalog; path = Assets.xcassets; sourceTree = "<group>"; };
		882AE1EC243F325F00302142 /* Base */ = {isa = PBXFileReference; lastKnownFileType = file.storyboard; name = Base; path = Base.lproj/LaunchScreen.storyboard; sourceTree = "<group>"; };
		882AE1EE243F325F00302142 /* Info.plist */ = {isa = PBXFileReference; lastKnownFileType = text.plist.xml; path = Info.plist; sourceTree = "<group>"; };
		882AE1F3243F325F00302142 /* Swift5IntroApp1Tests.xctest */ = {isa = PBXFileReference; explicitFileType = wrapper.cfbundle; includeInIndex = 0; path = Swift5IntroApp1Tests.xctest; sourceTree = BUILT_PRODUCTS_DIR; };
		882AE1F7243F325F00302142 /* Swift5IntroApp1Tests.swift */ = {isa = PBXFileReference; lastKnownFileType = sourcecode.swift; path = Swift5IntroApp1Tests.swift; sourceTree = "<group>"; };
		882AE1F9243F325F00302142 /* Info.plist */ = {isa = PBXFileReference; lastKnownFileType = text.plist.xml; path = Info.plist; sourceTree = "<group>"; };
		882AE1FE243F325F00302142 /* Swift5IntroApp1UITests.xctest */ = {isa = PBXFileReference; explicitFileType = wrapper.cfbundle; includeInIndex = 0; path = Swift5IntroApp1UITests.xctest; sourceTree = BUILT_PRODUCTS_DIR; };
		882AE202243F325F00302142 /* Swift5IntroApp1UITests.swift */ = {isa = PBXFileReference; lastKnownFileType = sourcecode.swift; path = Swift5IntroApp1UITests.swift; sourceTree = "<group>"; };
		882AE204243F325F00302142 /* Info.plist */ = {isa = PBXFileReference; lastKnownFileType = text.plist.xml; path = Info.plist; sourceTree = "<group>"; };
/* End PBXFileReference section */

/* Begin PBXFrameworksBuildPhase section */
		882AE1DA243F325A00302142 /* Frameworks */ = {
			isa = PBXFrameworksBuildPhase;
			buildActionMask = 2147483647;
			files = (
			);
			runOnlyForDeploymentPostprocessing = 0;
		};
		882AE1F0243F325F00302142 /* Frameworks */ = {
			isa = PBXFrameworksBuildPhase;
			buildActionMask = 2147483647;
			files = (
			);
			runOnlyForDeploymentPostprocessing = 0;
		};
		882AE1FB243F325F00302142 /* Frameworks */ = {
			isa = PBXFrameworksBuildPhase;
			buildActionMask = 2147483647;
			files = (
			);
			runOnlyForDeploymentPostprocessing = 0;
		};
/* End PBXFrameworksBuildPhase section */

/* Begin PBXGroup section */
		882AE1D4243F325A00302142 = {
			isa = PBXGroup;
			children = (
				882AE1DF243F325A00302142 /* Swift5IntroApp1 */,
				882AE1F6243F325F00302142 /* Swift5IntroApp1Tests */,
				882AE201243F325F00302142 /* Swift5IntroApp1UITests */,
				882AE1DE243F325A00302142 /* Products */,
			);
			sourceTree = "<group>";
		};
		882AE1DE243F325A00302142 /* Products */ = {
			isa = PBXGroup;
			children = (
				882AE1DD243F325A00302142 /* Swift5IntroApp1.app */,
				882AE1F3243F325F00302142 /* Swift5IntroApp1Tests.xctest */,
				882AE1FE243F325F00302142 /* Swift5IntroApp1UITests.xctest */,
			);
			name = Products;
			sourceTree = "<group>";
		};
		882AE1DF243F325A00302142 /* Swift5IntroApp1 */ = {
			isa = PBXGroup;
			children = (
				882AE1E0243F325A00302142 /* AppDelegate.swift */,
				882AE1E2243F325A00302142 /* SceneDelegate.swift */,
				882AE1E4243F325A00302142 /* ViewController.swift */,
				882AE1E6243F325A00302142 /* Main.storyboard */,
				882AE1E9243F325F00302142 /* Assets.xcassets */,
				882AE1EB243F325F00302142 /* LaunchScreen.storyboard */,
				882AE1EE243F325F00302142 /* Info.plist */,
			);
			path = Swift5IntroApp1;
			sourceTree = "<group>";
		};
		882AE1F6243F325F00302142 /* Swift5IntroApp1Tests */ = {
			isa = PBXGroup;
			children = (
				882AE1F7243F325F00302142 /* Swift5IntroApp1Tests.swift */,
				882AE1F9243F325F00302142 /* Info.plist */,
			);
			path = Swift5IntroApp1Tests;
			sourceTree = "<group>";
		};
		882AE201243F325F00302142 /* Swift5IntroApp1UITests */ = {
			isa = PBXGroup;
			children = (
				882AE202243F325F00302142 /* Swift5IntroApp1UITests.swift */,
				882AE204243F325F00302142 /* Info.plist */,
			);
			path = Swift5IntroApp1UITests;
			sourceTree = "<group>";
		};
/* End PBXGroup section */

/* Begin PBXNativeTarget section */
		882AE1DC243F325A00302142 /* Swift5IntroApp1 */ = {
			isa = PBXNativeTarget;
			buildConfigurationList = 882AE207243F325F00302142 /* Build configuration list for PBXNativeTarget "Swift5IntroApp1" */;
			buildPhases = (
				882AE1D9243F325A00302142 /* Sources */,
				882AE1DA243F325A00302142 /* Frameworks */,
				882AE1DB243F325A00302142 /* Resources */,
			);
			buildRules = (
			);
			dependencies = (
			);
			name = Swift5IntroApp1;
			productName = Swift5IntroApp1;
			productReference = 882AE1DD243F325A00302142 /* Swift5IntroApp1.app */;
			productType = "com.apple.product-type.application";
		};
		882AE1F2243F325F00302142 /* Swift5IntroApp1Tests */ = {
			isa = PBXNativeTarget;
			buildConfigurationList = 882AE20A243F325F00302142 /* Build configuration list for PBXNativeTarget "Swift5IntroApp1Tests" */;
			buildPhases = (
				882AE1EF243F325F00302142 /* Sources */,
				882AE1F0243F325F00302142 /* Frameworks */,
				882AE1F1243F325F00302142 /* Resources */,
			);
			buildRules = (
			);
			dependencies = (
				882AE1F5243F325F00302142 /* PBXTargetDependency */,
			);
			name = Swift5IntroApp1Tests;
			productName = Swift5IntroApp1Tests;
			productReference = 882AE1F3243F325F00302142 /* Swift5IntroApp1Tests.xctest */;
			productType = "com.apple.product-type.bundle.unit-test";
		};
		882AE1FD243F325F00302142 /* Swift5IntroApp1UITests */ = {
			isa = PBXNativeTarget;
			buildConfigurationList = 882AE20D243F325F00302142 /* Build configuration list for PBXNativeTarget "Swift5IntroApp1UITests" */;
			buildPhases = (
				882AE1FA243F325F00302142 /* Sources */,
				882AE1FB243F325F00302142 /* Frameworks */,
				882AE1FC243F325F00302142 /* Resources */,
			);
			buildRules = (
			);
			dependencies = (
				882AE200243F325F00302142 /* PBXTargetDependency */,
			);
			name = Swift5IntroApp1UITests;
			productName = Swift5IntroApp1UITests;
			productReference = 882AE1FE243F325F00302142 /* Swift5IntroApp1UITests.xctest */;
			productType = "com.apple.product-type.bundle.ui-testing";
		};
/* End PBXNativeTarget section */

/* Begin PBXProject section */
		882AE1D5243F325A00302142 /* Project object */ = {
			isa = PBXProject;
			attributes = {
				LastSwiftUpdateCheck = 1140;
				LastUpgradeCheck = 1140;
				ORGANIZATIONNAME = "小西壮";
				TargetAttributes = {
					882AE1DC243F325A00302142 = {
						CreatedOnToolsVersion = 11.4;
					};
					882AE1F2243F325F00302142 = {
						CreatedOnToolsVersion = 11.4;
						TestTargetID = 882AE1DC243F325A00302142;
					};
					882AE1FD243F325F00302142 = {
						CreatedOnToolsVersion = 11.4;
						TestTargetID = 882AE1DC243F325A00302142;
					};
				};
			};
			buildConfigurationList = 882AE1D8243F325A00302142 /* Build configuration list for PBXProject "Swift5IntroApp1" */;
			compatibilityVersion = "Xcode 9.3";
			developmentRegion = en;
			hasScannedForEncodings = 0;
			knownRegions = (
				en,
				Base,
			);
			mainGroup = 882AE1D4243F325A00302142;
			productRefGroup = 882AE1DE243F325A00302142 /* Products */;
			projectDirPath = "";
			projectRoot = "";
			targets = (
				882AE1DC243F325A00302142 /* Swift5IntroApp1 */,
				882AE1F2243F325F00302142 /* Swift5IntroApp1Tests */,
				882AE1FD243F325F00302142 /* Swift5IntroApp1UITests */,
			);
		};
/* End PBXProject section */

/* Begin PBXResourcesBuildPhase section */
		882AE1DB243F325A00302142 /* Resources */ = {
			isa = PBXResourcesBuildPhase;
			buildActionMask = 2147483647;
			files = (
				882AE1ED243F325F00302142 /* LaunchScreen.storyboard in Resources */,
				882AE1EA243F325F00302142 /* Assets.xcassets in Resources */,
				882AE1E8243F325A00302142 /* Main.storyboard in Resources */,
			);
			runOnlyForDeploymentPostprocessing = 0;
		};
		882AE1F1243F325F00302142 /* Resources */ = {
			isa = PBXResourcesBuildPhase;
			buildActionMask = 2147483647;
			files = (
			);
			runOnlyForDeploymentPostprocessing = 0;
		};
		882AE1FC243F325F00302142 /* Resources */ = {
			isa = PBXResourcesBuildPhase;
			buildActionMask = 2147483647;
			files = (
			);
			runOnlyForDeploymentPostprocessing = 0;
		};
/* End PBXResourcesBuildPhase section */

/* Begin PBXSourcesBuildPhase section */
		882AE1D9243F325A00302142 /* Sources */ = {
			isa = PBXSourcesBuildPhase;
			buildActionMask = 2147483647;
			files = (
				882AE1E5243F325A00302142 /* ViewController.swift in Sources */,
				882AE1E1243F325A00302142 /* AppDelegate.swift in Sources */,
				882AE1E3243F325A00302142 /* SceneDelegate.swift in Sources */,
			);
			runOnlyForDeploymentPostprocessing = 0;
		};
		882AE1EF243F325F00302142 /* Sources */ = {
			isa = PBXSourcesBuildPhase;
			buildActionMask = 2147483647;
			files = (
				882AE1F8243F325F00302142 /* Swift5IntroApp1Tests.swift in Sources */,
			);
			runOnlyForDeploymentPostprocessing = 0;
		};
		882AE1FA243F325F00302142 /* Sources */ = {
			isa = PBXSourcesBuildPhase;
			buildActionMask = 2147483647;
			files = (
				882AE203243F325F00302142 /* Swift5IntroApp1UITests.swift in Sources */,
			);
			runOnlyForDeploymentPostprocessing = 0;
		};
/* End PBXSourcesBuildPhase section */

/* Begin PBXTargetDependency section */
		882AE1F5243F325F00302142 /* PBXTargetDependency */ = {
			isa = PBXTargetDependency;
			target = 882AE1DC243F325A00302142 /* Swift5IntroApp1 */;
			targetProxy = 882AE1F4243F325F00302142 /* PBXContainerItemProxy */;
		};
		882AE200243F325F00302142 /* PBXTargetDependency */ = {
			isa = PBXTargetDependency;
			target = 882AE1DC243F325A00302142 /* Swift5IntroApp1 */;
			targetProxy = 882AE1FF243F325F00302142 /* PBXContainerItemProxy */;
		};
/* End PBXTargetDependency section */

/* Begin PBXVariantGroup section */
		882AE1E6243F325A00302142 /* Main.storyboard */ = {
			isa = PBXVariantGroup;
			children = (
				882AE1E7243F325A00302142 /* Base */,
			);
			name = Main.storyboard;
			sourceTree = "<group>";
		};
		882AE1EB243F325F00302142 /* LaunchScreen.storyboard */ = {
			isa = PBXVariantGroup;
			children = (
				882AE1EC243F325F00302142 /* Base */,
			);
			name = LaunchScreen.storyboard;
			sourceTree = "<group>";
		};
/* End PBXVariantGroup section */

/* Begin XCBuildConfiguration section */
		882AE205243F325F00302142 /* Debug */ = {
			isa = XCBuildConfiguration;
			buildSettings = {
				ALWAYS_SEARCH_USER_PATHS = NO;
				CLANG_ANALYZER_NONNULL = YES;
				CLANG_ANALYZER_NUMBER_OBJECT_CONVERSION = YES_AGGRESSIVE;
				CLANG_CXX_LANGUAGE_STANDARD = "gnu++14";
				CLANG_CXX_LIBRARY = "libc++";
				CLANG_ENABLE_MODULES = YES;
				CLANG_ENABLE_OBJC_ARC = YES;
				CLANG_ENABLE_OBJC_WEAK = YES;
				CLANG_WARN_BLOCK_CAPTURE_AUTORELEASING = YES;
				CLANG_WARN_BOOL_CONVERSION = YES;
				CLANG_WARN_COMMA = YES;
				CLANG_WARN_CONSTANT_CONVERSION = YES;
				CLANG_WARN_DEPRECATED_OBJC_IMPLEMENTATIONS = YES;
				CLANG_WARN_DIRECT_OBJC_ISA_USAGE = YES_ERROR;
				CLANG_WARN_DOCUMENTATION_COMMENTS = YES;
				CLANG_WARN_EMPTY_BODY = YES;
				CLANG_WARN_ENUM_CONVERSION = YES;
				CLANG_WARN_INFINITE_RECURSION = YES;
				CLANG_WARN_INT_CONVERSION = YES;
				CLANG_WARN_NON_LITERAL_NULL_CONVERSION = YES;
				CLANG_WARN_OBJC_IMPLICIT_RETAIN_SELF = YES;
				CLANG_WARN_OBJC_LITERAL_CONVERSION = YES;
				CLANG_WARN_OBJC_ROOT_CLASS = YES_ERROR;
				CLANG_WARN_RANGE_LOOP_ANALYSIS = YES;
				CLANG_WARN_STRICT_PROTOTYPES = YES;
				CLANG_WARN_SUSPICIOUS_MOVE = YES;
				CLANG_WARN_UNGUARDED_AVAILABILITY = YES_AGGRESSIVE;
				CLANG_WARN_UNREACHABLE_CODE = YES;
				CLANG_WARN__DUPLICATE_METHOD_MATCH = YES;
				COPY_PHASE_STRIP = NO;
				DEBUG_INFORMATION_FORMAT = dwarf;
				ENABLE_STRICT_OBJC_MSGSEND = YES;
				ENABLE_TESTABILITY = YES;
				GCC_C_LANGUAGE_STANDARD = gnu11;
				GCC_DYNAMIC_NO_PIC = NO;
				GCC_NO_COMMON_BLOCKS = YES;
				GCC_OPTIMIZATION_LEVEL = 0;
				GCC_PREPROCESSOR_DEFINITIONS = (
					"DEBUG=1",
					"$(inherited)",
				);
				GCC_WARN_64_TO_32_BIT_CONVERSION = YES;
				GCC_WARN_ABOUT_RETURN_TYPE = YES_ERROR;
				GCC_WARN_UNDECLARED_SELECTOR = YES;
				GCC_WARN_UNINITIALIZED_AUTOS = YES_AGGRESSIVE;
				GCC_WARN_UNUSED_FUNCTION = YES;
				GCC_WARN_UNUSED_VARIABLE = YES;
				IPHONEOS_DEPLOYMENT_TARGET = 13.4;
				MTL_ENABLE_DEBUG_INFO = INCLUDE_SOURCE;
				MTL_FAST_MATH = YES;
				ONLY_ACTIVE_ARCH = YES;
				SDKROOT = iphoneos;
				SWIFT_ACTIVE_COMPILATION_CONDITIONS = DEBUG;
				SWIFT_OPTIMIZATION_LEVEL = "-Onone";
			};
			name = Debug;
		};
		882AE206243F325F00302142 /* Release */ = {
			isa = XCBuildConfiguration;
			buildSettings = {
				ALWAYS_SEARCH_USER_PATHS = NO;
				CLANG_ANALYZER_NONNULL = YES;
				CLANG_ANALYZER_NUMBER_OBJECT_CONVERSION = YES_AGGRESSIVE;
				CLANG_CXX_LANGUAGE_STANDARD = "gnu++14";
				CLANG_CXX_LIBRARY = "libc++";
				CLANG_ENABLE_MODULES = YES;
				CLANG_ENABLE_OBJC_ARC = YES;
				CLANG_ENABLE_OBJC_WEAK = YES;
				CLANG_WARN_BLOCK_CAPTURE_AUTORELEASING = YES;
				CLANG_WARN_BOOL_CONVERSION = YES;
				CLANG_WARN_COMMA = YES;
				CLANG_WARN_CONSTANT_CONVERSION = YES;
				CLANG_WARN_DEPRECATED_OBJC_IMPLEMENTATIONS = YES;
				CLANG_WARN_DIRECT_OBJC_ISA_USAGE = YES_ERROR;
				CLANG_WARN_DOCUMENTATION_COMMENTS = YES;
				CLANG_WARN_EMPTY_BODY = YES;
				CLANG_WARN_ENUM_CONVERSION = YES;
				CLANG_WARN_INFINITE_RECURSION = YES;
				CLANG_WARN_INT_CONVERSION = YES;
				CLANG_WARN_NON_LITERAL_NULL_CONVERSION = YES;
				CLANG_WARN_OBJC_IMPLICIT_RETAIN_SELF = YES;
				CLANG_WARN_OBJC_LITERAL_CONVERSION = YES;
				CLANG_WARN_OBJC_ROOT_CLASS = YES_ERROR;
				CLANG_WARN_RANGE_LOOP_ANALYSIS = YES;
				CLANG_WARN_STRICT_PROTOTYPES = YES;
				CLANG_WARN_SUSPICIOUS_MOVE = YES;
				CLANG_WARN_UNGUARDED_AVAILABILITY = YES_AGGRESSIVE;
				CLANG_WARN_UNREACHABLE_CODE = YES;
				CLANG_WARN__DUPLICATE_METHOD_MATCH = YES;
				COPY_PHASE_STRIP = NO;
				DEBUG_INFORMATION_FORMAT = "dwarf-with-dsym";
				ENABLE_NS_ASSERTIONS = NO;
				ENABLE_STRICT_OBJC_MSGSEND = YES;
				GCC_C_LANGUAGE_STANDARD = gnu11;
				GCC_NO_COMMON_BLOCKS = YES;
				GCC_WARN_64_TO_32_BIT_CONVERSION = YES;
				GCC_WARN_ABOUT_RETURN_TYPE = YES_ERROR;
				GCC_WARN_UNDECLARED_SELECTOR = YES;
				GCC_WARN_UNINITIALIZED_AUTOS = YES_AGGRESSIVE;
				GCC_WARN_UNUSED_FUNCTION = YES;
				GCC_WARN_UNUSED_VARIABLE = YES;
				IPHONEOS_DEPLOYMENT_TARGET = 13.4;
				MTL_ENABLE_DEBUG_INFO = NO;
				MTL_FAST_MATH = YES;
				SDKROOT = iphoneos;
				SWIFT_COMPILATION_MODE = wholemodule;
				SWIFT_OPTIMIZATION_LEVEL = "-O";
				VALIDATE_PRODUCT = YES;
			};
			name = Release;
		};
		882AE208243F325F00302142 /* Debug */ = {
			isa = XCBuildConfiguration;
			buildSettings = {
				ASSETCATALOG_COMPILER_APPICON_NAME = AppIcon;
				CODE_SIGN_STYLE = Automatic;
				DEVELOPMENT_TEAM = Q9XTVNPMDU;
				INFOPLIST_FILE = Swift5IntroApp1/Info.plist;
				LD_RUNPATH_SEARCH_PATHS = (
					"$(inherited)",
					"@executable_path/Frameworks",
				);
				PRODUCT_BUNDLE_IDENTIFIER = com.sokonishi.Swift5IntroApp1;
				PRODUCT_NAME = "$(TARGET_NAME)";
				SWIFT_VERSION = 5.0;
				TARGETED_DEVICE_FAMILY = "1,2";
			};
			name = Debug;
		};
		882AE209243F325F00302142 /* Release */ = {
			isa = XCBuildConfiguration;
			buildSettings = {
				ASSETCATALOG_COMPILER_APPICON_NAME = AppIcon;
				CODE_SIGN_STYLE = Automatic;
				DEVELOPMENT_TEAM = Q9XTVNPMDU;
				INFOPLIST_FILE = Swift5IntroApp1/Info.plist;
				LD_RUNPATH_SEARCH_PATHS = (
					"$(inherited)",
					"@executable_path/Frameworks",
				);
				PRODUCT_BUNDLE_IDENTIFIER = com.sokonishi.Swift5IntroApp1;
				PRODUCT_NAME = "$(TARGET_NAME)";
				SWIFT_VERSION = 5.0;
				TARGETED_DEVICE_FAMILY = "1,2";
			};
			name = Release;
		};
		882AE20B243F325F00302142 /* Debug */ = {
			isa = XCBuildConfiguration;
			buildSettings = {
				ALWAYS_EMBED_SWIFT_STANDARD_LIBRARIES = YES;
				BUNDLE_LOADER = "$(TEST_HOST)";
				CODE_SIGN_STYLE = Automatic;
				DEVELOPMENT_TEAM = Q9XTVNPMDU;
				INFOPLIST_FILE = Swift5IntroApp1Tests/Info.plist;
				IPHONEOS_DEPLOYMENT_TARGET = 13.4;
				LD_RUNPATH_SEARCH_PATHS = (
					"$(inherited)",
					"@executable_path/Frameworks",
					"@loader_path/Frameworks",
				);
				PRODUCT_BUNDLE_IDENTIFIER = com.sokonishi.Swift5IntroApp1Tests;
				PRODUCT_NAME = "$(TARGET_NAME)";
				SWIFT_VERSION = 5.0;
				TARGETED_DEVICE_FAMILY = "1,2";
				TEST_HOST = "$(BUILT_PRODUCTS_DIR)/Swift5IntroApp1.app/Swift5IntroApp1";
			};
			name = Debug;
		};
		882AE20C243F325F00302142 /* Release */ = {
			isa = XCBuildConfiguration;
			buildSettings = {
				ALWAYS_EMBED_SWIFT_STANDARD_LIBRARIES = YES;
				BUNDLE_LOADER = "$(TEST_HOST)";
				CODE_SIGN_STYLE = Automatic;
				DEVELOPMENT_TEAM = Q9XTVNPMDU;
				INFOPLIST_FILE = Swift5IntroApp1Tests/Info.plist;
				IPHONEOS_DEPLOYMENT_TARGET = 13.4;
				LD_RUNPATH_SEARCH_PATHS = (
					"$(inherited)",
					"@executable_path/Frameworks",
					"@loader_path/Frameworks",
				);
				PRODUCT_BUNDLE_IDENTIFIER = com.sokonishi.Swift5IntroApp1Tests;
				PRODUCT_NAME = "$(TARGET_NAME)";
				SWIFT_VERSION = 5.0;
				TARGETED_DEVICE_FAMILY = "1,2";
				TEST_HOST = "$(BUILT_PRODUCTS_DIR)/Swift5IntroApp1.app/Swift5IntroApp1";
			};
			name = Release;
		};
		882AE20E243F325F00302142 /* Debug */ = {
			isa = XCBuildConfiguration;
			buildSettings = {
				ALWAYS_EMBED_SWIFT_STANDARD_LIBRARIES = YES;
				CODE_SIGN_STYLE = Automatic;
				DEVELOPMENT_TEAM = Q9XTVNPMDU;
				INFOPLIST_FILE = Swift5IntroApp1UITests/Info.plist;
				LD_RUNPATH_SEARCH_PATHS = (
					"$(inherited)",
					"@executable_path/Frameworks",
					"@loader_path/Frameworks",
				);
				PRODUCT_BUNDLE_IDENTIFIER = com.sokonishi.Swift5IntroApp1UITests;
				PRODUCT_NAME = "$(TARGET_NAME)";
				SWIFT_VERSION = 5.0;
				TARGETED_DEVICE_FAMILY = "1,2";
				TEST_TARGET_NAME = Swift5IntroApp1;
			};
			name = Debug;
		};
		882AE20F243F325F00302142 /* Release */ = {
			isa = XCBuildConfiguration;
			buildSettings = {
				ALWAYS_EMBED_SWIFT_STANDARD_LIBRARIES = YES;
				CODE_SIGN_STYLE = Automatic;
				DEVELOPMENT_TEAM = Q9XTVNPMDU;
				INFOPLIST_FILE = Swift5IntroApp1UITests/Info.plist;
				LD_RUNPATH_SEARCH_PATHS = (
					"$(inherited)",
					"@executable_path/Frameworks",
					"@loader_path/Frameworks",
				);
				PRODUCT_BUNDLE_IDENTIFIER = com.sokonishi.Swift5IntroApp1UITests;
				PRODUCT_NAME = "$(TARGET_NAME)";
				SWIFT_VERSION = 5.0;
				TARGETED_DEVICE_FAMILY = "1,2";
				TEST_TARGET_NAME = Swift5IntroApp1;
			};
			name = Release;
		};
/* End XCBuildConfiguration section */

/* Begin XCConfigurationList section */
		882AE1D8243F325A00302142 /* Build configuration list for PBXProject "Swift5IntroApp1" */ = {
			isa = XCConfigurationList;
			buildConfigurations = (
				882AE205243F325F00302142 /* Debug */,
				882AE206243F325F00302142 /* Release */,
			);
			defaultConfigurationIsVisible = 0;
			defaultConfigurationName = Release;
		};
		882AE207243F325F00302142 /* Build configuration list for PBXNativeTarget "Swift5IntroApp1" */ = {
			isa = XCConfigurationList;
			buildConfigurations = (
				882AE208243F325F00302142 /* Debug */,
				882AE209243F325F00302142 /* Release */,
			);
			defaultConfigurationIsVisible = 0;
			defaultConfigurationName = Release;
		};
		882AE20A243F325F00302142 /* Build configuration list for PBXNativeTarget "Swift5IntroApp1Tests" */ = {
			isa = XCConfigurationList;
			buildConfigurations = (
				882AE20B243F325F00302142 /* Debug */,
				882AE20C243F325F00302142 /* Release */,
			);
			defaultConfigurationIsVisible = 0;
			defaultConfigurationName = Release;
		};
		882AE20D243F325F00302142 /* Build configuration list for PBXNativeTarget "Swift5IntroApp1UITests" */ = {
			isa = XCConfigurationList;
			buildConfigurations = (
				882AE20E243F325F00302142 /* Debug */,
				882AE20F243F325F00302142 /* Release */,
			);
			defaultConfigurationIsVisible = 0;
			defaultConfigurationName = Release;
		};
/* End XCConfigurationList section */
	};
	rootObject = 882AE1D5243F325A00302142 /* Project object */;
}
