// !$*UTF8*$!
{
	archiveVersion = 1;
	classes = {
	};
	objectVersion = 51;
	objects = {

/* Begin PBXBuildFile section */
		882AE1E1243F325A00302142 /* AppDelegate.swift in Sources */ = {isa = PBXBuildFile; fileRef = 882AE1E0243F325A00302142 /* AppDelegate.swift */; };
		882AE1E3243F325A00302142 /* SceneDelegate.swift in Sources */ = {isa = PBXBuildFile; fileRef = 882AE1E2243F325A00302142 /* SceneDelegate.swift */; };
		882AE1E5243F325A00302142 /* ViewController.swift in Sources */ = {isa = PBXBuildFile; fileRef = 882AE1E4243F325A00302142 /* ViewController.swift */; };
		882AE1E8243F325A00302142 /* Main.storyboard in Resources */ = {isa = PBXBuildFile; fileRef = 882AE1E6243F325A00302142 /* Main.storyboard */; };
		882AE1EA243F325F00302142 /* Assets.xcassets in Resources */ = {isa = PBXBuildFile; fileRef = 882AE1E9243F325F00302142 /* Assets.xcassets */; };
		882AE1ED243F325F00302142 /* LaunchScreen.storyboard in Resources */ = {isa = PBXBuildFile; fileRef = 882AE1EB243F325F00302142 /* LaunchScreen.storyboard */; };
		882AE1F8243F325F00302142 /* Swift5IntroApp1Tests.swift in Sources */ = {isa = PBXBuildFile; fileRef = 882AE1F7243F325F00302142 /* Swift5IntroApp1Tests.swift */; };
		882AE203243F325F00302142 /* Swift5IntroApp1UITests.swift in Sources */ = {isa = PBXBuildFile; fileRef = 882AE202243F325F00302142 /* Swift5IntroApp1UITests.swift */; };
		882AE219243F35FA00302142 /* 2.json in Resources */ = {isa = PBXBuildFile; fileRef = 882AE213243F35F900302142 /* 2.json */; };
		882AE21B243F35FA00302142 /* 1.json in Resources */ = {isa = PBXBuildFile; fileRef = 882AE215243F35F900302142 /* 1.json */; };
		882AE21C243F35FA00302142 /* 4.json in Resources */ = {isa = PBXBuildFile; fileRef = 882AE216243F35F900302142 /* 4.json */; };
		882AE21D243F35FA00302142 /* 5.json in Resources */ = {isa = PBXBuildFile; fileRef = 882AE217243F35F900302142 /* 5.json */; };
		882AE21E243F35FA00302142 /* 3.json in Resources */ = {isa = PBXBuildFile; fileRef = 882AE218243F35F900302142 /* 3.json */; };
		882AE220243F362C00302142 /* IntroViewController.swift in Sources */ = {isa = PBXBuildFile; fileRef = 882AE21F243F362C00302142 /* IntroViewController.swift */; };
		88B7DA86243F4B9E0048B5BC /* LoginMovieViewController.swift in Sources */ = {isa = PBXBuildFile; fileRef = 88B7DA85243F4B9E0048B5BC /* LoginMovieViewController.swift */; };
		88B7DA88243F537F0048B5BC /* BaseViewController.swift in Sources */ = {isa = PBXBuildFile; fileRef = 88B7DA87243F537F0048B5BC /* BaseViewController.swift */; };
		88B7DA8A24403CDD0048B5BC /* Page1ViewController.swift in Sources */ = {isa = PBXBuildFile; fileRef = 88B7DA8924403CDD0048B5BC /* Page1ViewController.swift */; };
		88B7DA8C2440426B0048B5BC /* NewsItems.swift in Sources */ = {isa = PBXBuildFile; fileRef = 88B7DA8B2440426B0048B5BC /* NewsItems.swift */; };
		88B7DA8E244053D80048B5BC /* WebViewController.swift in Sources */ = {isa = PBXBuildFile; fileRef = 88B7DA8D244053D80048B5BC /* WebViewController.swift */; };
		88B7DA9024405A450048B5BC /* Page2ViewController.swift in Sources */ = {isa = PBXBuildFile; fileRef = 88B7DA8F24405A450048B5BC /* Page2ViewController.swift */; };
		88B7DA9224405AA30048B5BC /* Page3ViewController.swift in Sources */ = {isa = PBXBuildFile; fileRef = 88B7DA9124405AA30048B5BC /* Page3ViewController.swift */; };
		88B7DA9424405AF60048B5BC /* start.mov in Resources */ = {isa = PBXBuildFile; fileRef = 88B7DA9324405AF60048B5BC /* start.mov */; };
		88B7DA9624405B130048B5BC /* Page4ViewController.swift in Sources */ = {isa = PBXBuildFile; fileRef = 88B7DA9524405B130048B5BC /* Page4ViewController.swift */; };
		95F35804B7E61456546C4E44 /* Pods_Swift5IntroApp1.framework in Frameworks */ = {isa = PBXBuildFile; fileRef = 2D833DFA0D5AD9318AE4B5D0 /* Pods_Swift5IntroApp1.framework */; };
		B2CAA510B3EDD2990CB0456E /* Pods_Swift5IntroApp1Tests.framework in Frameworks */ = {isa = PBXBuildFile; fileRef = 77390EFB5F6A26F04674FA44 /* Pods_Swift5IntroApp1Tests.framework */; };
		B58505843674A8508785A5BA /* Pods_Swift5IntroApp1_Swift5IntroApp1UITests.framework in Frameworks */ = {isa = PBXBuildFile; fileRef = 24A9B7E1BFAA85D9E41218DD /* Pods_Swift5IntroApp1_Swift5IntroApp1UITests.framework */; };
/* End PBXBuildFile section */

/* Begin PBXContainerItemProxy section */
		882AE1F4243F325F00302142 /* PBXContainerItemProxy */ = {
			isa = PBXContainerItemProxy;
			containerPortal = 882AE1D5243F325A00302142 /* Project object */;
			proxyType = 1;
			remoteGlobalIDString = 882AE1DC243F325A00302142;
			remoteInfo = Swift5IntroApp1;
		};
		882AE1FF243F325F00302142 /* PBXContainerItemProxy */ = {
			isa = PBXContainerItemProxy;
			containerPortal = 882AE1D5243F325A00302142 /* Project object */;
			proxyType = 1;
			remoteGlobalIDString = 882AE1DC243F325A00302142;
			remoteInfo = Swift5IntroApp1;
		};
/* End PBXContainerItemProxy section */

/* Begin PBXFileReference section */
		0E215BC1B8287A940349455B /* Pods-Swift5IntroApp1-Swift5IntroApp1UITests.debug.xcconfig */ = {isa = PBXFileReference; includeInIndex = 1; lastKnownFileType = text.xcconfig; name = "Pods-Swift5IntroApp1-Swift5IntroApp1UITests.debug.xcconfig"; path = "Target Support Files/Pods-Swift5IntroApp1-Swift5IntroApp1UITests/Pods-Swift5IntroApp1-Swift5IntroApp1UITests.debug.xcconfig"; sourceTree = "<group>"; };
		24A9B7E1BFAA85D9E41218DD /* Pods_Swift5IntroApp1_Swift5IntroApp1UITests.framework */ = {isa = PBXFileReference; explicitFileType = wrapper.framework; includeInIndex = 0; path = Pods_Swift5IntroApp1_Swift5IntroApp1UITests.framework; sourceTree = BUILT_PRODUCTS_DIR; };
		2D833DFA0D5AD9318AE4B5D0 /* Pods_Swift5IntroApp1.framework */ = {isa = PBXFileReference; explicitFileType = wrapper.framework; includeInIndex = 0; path = Pods_Swift5IntroApp1.framework; sourceTree = BUILT_PRODUCTS_DIR; };
		493905F5911ADD30FE323FE3 /* Pods-Swift5IntroApp1Tests.release.xcconfig */ = {isa = PBXFileReference; includeInIndex = 1; lastKnownFileType = text.xcconfig; name = "Pods-Swift5IntroApp1Tests.release.xcconfig"; path = "Target Support Files/Pods-Swift5IntroApp1Tests/Pods-Swift5IntroApp1Tests.release.xcconfig"; sourceTree = "<group>"; };
		49839AF2A27C6E1C9488D8C1 /* Pods-Swift5IntroApp1Tests.debug.xcconfig */ = {isa = PBXFileReference; includeInIndex = 1; lastKnownFileType = text.xcconfig; name = "Pods-Swift5IntroApp1Tests.debug.xcconfig"; path = "Target Support Files/Pods-Swift5IntroApp1Tests/Pods-Swift5IntroApp1Tests.debug.xcconfig"; sourceTree = "<group>"; };
		49E27DC106C27AE3BC0D5E3F /* Pods-Swift5IntroApp1.debug.xcconfig */ = {isa = PBXFileReference; includeInIndex = 1; lastKnownFileType = text.xcconfig; name = "Pods-Swift5IntroApp1.debug.xcconfig"; path = "Target Support Files/Pods-Swift5IntroApp1/Pods-Swift5IntroApp1.debug.xcconfig"; sourceTree = "<group>"; };
		67A542D3DAE0A425BF2A2ACD /* Pods-Swift5IntroApp1.release.xcconfig */ = {isa = PBXFileReference; includeInIndex = 1; lastKnownFileType = text.xcconfig; name = "Pods-Swift5IntroApp1.release.xcconfig"; path = "Target Support Files/Pods-Swift5IntroApp1/Pods-Swift5IntroApp1.release.xcconfig"; sourceTree = "<group>"; };
		68477E994F61A02C417262A4 /* Pods-Swift5IntroApp1-Swift5IntroApp1UITests.release.xcconfig */ = {isa = PBXFileReference; includeInIndex = 1; lastKnownFileType = text.xcconfig; name = "Pods-Swift5IntroApp1-Swift5IntroApp1UITests.release.xcconfig"; path = "Target Support Files/Pods-Swift5IntroApp1-Swift5IntroApp1UITests/Pods-Swift5IntroApp1-Swift5IntroApp1UITests.release.xcconfig"; sourceTree = "<group>"; };
		77390EFB5F6A26F04674FA44 /* Pods_Swift5IntroApp1Tests.framework */ = {isa = PBXFileReference; explicitFileType = wrapper.framework; includeInIndex = 0; path = Pods_Swift5IntroApp1Tests.framework; sourceTree = BUILT_PRODUCTS_DIR; };
		882AE1DD243F325A00302142 /* Swift5IntroApp1.app */ = {isa = PBXFileReference; explicitFileType = wrapper.application; includeInIndex = 0; path = Swift5IntroApp1.app; sourceTree = BUILT_PRODUCTS_DIR; };
		882AE1E0243F325A00302142 /* AppDelegate.swift */ = {isa = PBXFileReference; lastKnownFileType = sourcecode.swift; path = AppDelegate.swift; sourceTree = "<group>"; };
		882AE1E2243F325A00302142 /* SceneDelegate.swift */ = {isa = PBXFileReference; lastKnownFileType = sourcecode.swift; path = SceneDelegate.swift; sourceTree = "<group>"; };
		882AE1E4243F325A00302142 /* ViewController.swift */ = {isa = PBXFileReference; lastKnownFileType = sourcecode.swift; path = ViewController.swift; sourceTree = "<group>"; };
		882AE1E7243F325A00302142 /* Base */ = {isa = PBXFileReference; lastKnownFileType = file.storyboard; name = Base; path = Base.lproj/Main.storyboard; sourceTree = "<group>"; };
		882AE1E9243F325F00302142 /* Assets.xcassets */ = {isa = PBXFileReference; lastKnownFileType = folder.assetcatalog; path = Assets.xcassets; sourceTree = "<group>"; };
		882AE1EC243F325F00302142 /* Base */ = {isa = PBXFileReference; lastKnownFileType = file.storyboard; name = Base; path = Base.lproj/LaunchScreen.storyboard; sourceTree = "<group>"; };
		882AE1EE243F325F00302142 /* Info.plist */ = {isa = PBXFileReference; lastKnownFileType = text.plist.xml; path = Info.plist; sourceTree = "<group>"; };
		882AE1F3243F325F00302142 /* Swift5IntroApp1Tests.xctest */ = {isa = PBXFileReference; explicitFileType = wrapper.cfbundle; includeInIndex = 0; path = Swift5IntroApp1Tests.xctest; sourceTree = BUILT_PRODUCTS_DIR; };
		882AE1F7243F325F00302142 /* Swift5IntroApp1Tests.swift */ = {isa = PBXFileReference; lastKnownFileType = sourcecode.swift; path = Swift5IntroApp1Tests.swift; sourceTree = "<group>"; };
		882AE1F9243F325F00302142 /* Info.plist */ = {isa = PBXFileReference; lastKnownFileType = text.plist.xml; path = Info.plist; sourceTree = "<group>"; };
		882AE1FE243F325F00302142 /* Swift5IntroApp1UITests.xctest */ = {isa = PBXFileReference; explicitFileType = wrapper.cfbundle; includeInIndex = 0; path = Swift5IntroApp1UITests.xctest; sourceTree = BUILT_PRODUCTS_DIR; };
		882AE202243F325F00302142 /* Swift5IntroApp1UITests.swift */ = {isa = PBXFileReference; lastKnownFileType = sourcecode.swift; path = Swift5IntroApp1UITests.swift; sourceTree = "<group>"; };
		882AE204243F325F00302142 /* Info.plist */ = {isa = PBXFileReference; lastKnownFileType = text.plist.xml; path = Info.plist; sourceTree = "<group>"; };
		882AE213243F35F900302142 /* 2.json */ = {isa = PBXFileReference; fileEncoding = 4; lastKnownFileType = text.json; path = 2.json; sourceTree = "<group>"; };
		882AE215243F35F900302142 /* 1.json */ = {isa = PBXFileReference; fileEncoding = 4; lastKnownFileType = text.json; path = 1.json; sourceTree = "<group>"; };
		882AE216243F35F900302142 /* 4.json */ = {isa = PBXFileReference; fileEncoding = 4; lastKnownFileType = text.json; path = 4.json; sourceTree = "<group>"; };
		882AE217243F35F900302142 /* 5.json */ = {isa = PBXFileReference; fileEncoding = 4; lastKnownFileType = text.json; path = 5.json; sourceTree = "<group>"; };
		882AE218243F35F900302142 /* 3.json */ = {isa = PBXFileReference; fileEncoding = 4; lastKnownFileType = text.json; path = 3.json; sourceTree = "<group>"; };
		882AE21F243F362C00302142 /* IntroViewController.swift */ = {isa = PBXFileReference; lastKnownFileType = sourcecode.swift; path = IntroViewController.swift; sourceTree = "<group>"; };
		88B7DA85243F4B9E0048B5BC /* LoginMovieViewController.swift */ = {isa = PBXFileReference; lastKnownFileType = sourcecode.swift; path = LoginMovieViewController.swift; sourceTree = "<group>"; };
		88B7DA87243F537F0048B5BC /* BaseViewController.swift */ = {isa = PBXFileReference; lastKnownFileType = sourcecode.swift; path = BaseViewController.swift; sourceTree = "<group>"; };
		88B7DA8924403CDD0048B5BC /* Page1ViewController.swift */ = {isa = PBXFileReference; lastKnownFileType = sourcecode.swift; path = Page1ViewController.swift; sourceTree = "<group>"; };
		88B7DA8B2440426B0048B5BC /* NewsItems.swift */ = {isa = PBXFileReference; lastKnownFileType = sourcecode.swift; path = NewsItems.swift; sourceTree = "<group>"; };
		88B7DA8D244053D80048B5BC /* WebViewController.swift */ = {isa = PBXFileReference; lastKnownFileType = sourcecode.swift; path = WebViewController.swift; sourceTree = "<group>"; };
		88B7DA8F24405A450048B5BC /* Page2ViewController.swift */ = {isa = PBXFileReference; lastKnownFileType = sourcecode.swift; path = Page2ViewController.swift; sourceTree = "<group>"; };
		88B7DA9124405AA30048B5BC /* Page3ViewController.swift */ = {isa = PBXFileReference; lastKnownFileType = sourcecode.swift; path = Page3ViewController.swift; sourceTree = "<group>"; };
		88B7DA9324405AF60048B5BC /* start.mov */ = {isa = PBXFileReference; lastKnownFileType = video.quicktime; path = start.mov; sourceTree = "<group>"; };
		88B7DA9524405B130048B5BC /* Page4ViewController.swift */ = {isa = PBXFileReference; lastKnownFileType = sourcecode.swift; path = Page4ViewController.swift; sourceTree = "<group>"; };
/* End PBXFileReference section */

/* Begin PBXFrameworksBuildPhase section */
		882AE1DA243F325A00302142 /* Frameworks */ = {
			isa = PBXFrameworksBuildPhase;
			buildActionMask = 2147483647;
			files = (
				95F35804B7E61456546C4E44 /* Pods_Swift5IntroApp1.framework in Frameworks */,
			);
			runOnlyForDeploymentPostprocessing = 0;
		};
		882AE1F0243F325F00302142 /* Frameworks */ = {
			isa = PBXFrameworksBuildPhase;
			buildActionMask = 2147483647;
			files = (
				B2CAA510B3EDD2990CB0456E /* Pods_Swift5IntroApp1Tests.framework in Frameworks */,
			);
			runOnlyForDeploymentPostprocessing = 0;
		};
		882AE1FB243F325F00302142 /* Frameworks */ = {
			isa = PBXFrameworksBuildPhase;
			buildActionMask = 2147483647;
			files = (
				B58505843674A8508785A5BA /* Pods_Swift5IntroApp1_Swift5IntroApp1UITests.framework in Frameworks */,
			);
			runOnlyForDeploymentPostprocessing = 0;
		};
/* End PBXFrameworksBuildPhase section */

/* Begin PBXGroup section */
		535888C9B66CB78DD6B24357 /* Frameworks */ = {
			isa = PBXGroup;
			children = (
				2D833DFA0D5AD9318AE4B5D0 /* Pods_Swift5IntroApp1.framework */,
				24A9B7E1BFAA85D9E41218DD /* Pods_Swift5IntroApp1_Swift5IntroApp1UITests.framework */,
				77390EFB5F6A26F04674FA44 /* Pods_Swift5IntroApp1Tests.framework */,
			);
			name = Frameworks;
			sourceTree = "<group>";
		};
		882AE1D4243F325A00302142 = {
			isa = PBXGroup;
			children = (
				882AE1DF243F325A00302142 /* Swift5IntroApp1 */,
				882AE1F6243F325F00302142 /* Swift5IntroApp1Tests */,
				882AE201243F325F00302142 /* Swift5IntroApp1UITests */,
				882AE1DE243F325A00302142 /* Products */,
				8A71B05AD103F9627CEE594E /* Pods */,
				535888C9B66CB78DD6B24357 /* Frameworks */,
			);
			sourceTree = "<group>";
		};
		882AE1DE243F325A00302142 /* Products */ = {
			isa = PBXGroup;
			children = (
				882AE1DD243F325A00302142 /* Swift5IntroApp1.app */,
				882AE1F3243F325F00302142 /* Swift5IntroApp1Tests.xctest */,
				882AE1FE243F325F00302142 /* Swift5IntroApp1UITests.xctest */,
			);
			name = Products;
			sourceTree = "<group>";
		};
		882AE1DF243F325A00302142 /* Swift5IntroApp1 */ = {
			isa = PBXGroup;
			children = (
				882AE212243F355A00302142 /* Model */,
				882AE211243F354E00302142 /* Controller */,
				882AE210243F354500302142 /* View */,
				882AE1EE243F325F00302142 /* Info.plist */,
				882AE215243F35F900302142 /* 1.json */,
				882AE213243F35F900302142 /* 2.json */,
				882AE218243F35F900302142 /* 3.json */,
				882AE216243F35F900302142 /* 4.json */,
				882AE217243F35F900302142 /* 5.json */,
				88B7DA9324405AF60048B5BC /* start.mov */,
			);
			path = Swift5IntroApp1;
			sourceTree = "<group>";
		};
		882AE1F6243F325F00302142 /* Swift5IntroApp1Tests */ = {
			isa = PBXGroup;
			children = (
				882AE1F7243F325F00302142 /* Swift5IntroApp1Tests.swift */,
				882AE1F9243F325F00302142 /* Info.plist */,
			);
			path = Swift5IntroApp1Tests;
			sourceTree = "<group>";
		};
		882AE201243F325F00302142 /* Swift5IntroApp1UITests */ = {
			isa = PBXGroup;
			children = (
				882AE202243F325F00302142 /* Swift5IntroApp1UITests.swift */,
				882AE204243F325F00302142 /* Info.plist */,
			);
			path = Swift5IntroApp1UITests;
			sourceTree = "<group>";
		};
		882AE210243F354500302142 /* View */ = {
			isa = PBXGroup;
			children = (
				882AE1E6243F325A00302142 /* Main.storyboard */,
				882AE1E9243F325F00302142 /* Assets.xcassets */,
				882AE1EB243F325F00302142 /* LaunchScreen.storyboard */,
			);
			path = View;
			sourceTree = "<group>";
		};
		882AE211243F354E00302142 /* Controller */ = {
			isa = PBXGroup;
			children = (
				882AE1E0243F325A00302142 /* AppDelegate.swift */,
				882AE1E2243F325A00302142 /* SceneDelegate.swift */,
				882AE1E4243F325A00302142 /* ViewController.swift */,
				882AE21F243F362C00302142 /* IntroViewController.swift */,
				88B7DA85243F4B9E0048B5BC /* LoginMovieViewController.swift */,
				88B7DA87243F537F0048B5BC /* BaseViewController.swift */,
				88B7DA8D244053D80048B5BC /* WebViewController.swift */,
				88B7DA8924403CDD0048B5BC /* Page1ViewController.swift */,
				88B7DA8F24405A450048B5BC /* Page2ViewController.swift */,
				88B7DA9124405AA30048B5BC /* Page3ViewController.swift */,
				88B7DA9524405B130048B5BC /* Page4ViewController.swift */,
			);
			path = Controller;
			sourceTree = "<group>";
		};
		882AE212243F355A00302142 /* Model */ = {
			isa = PBXGroup;
			children = (
				88B7DA8B2440426B0048B5BC /* NewsItems.swift */,
			);
			path = Model;
			sourceTree = "<group>";
		};
		8A71B05AD103F9627CEE594E /* Pods */ = {
			isa = PBXGroup;
			children = (
				49E27DC106C27AE3BC0D5E3F /* Pods-Swift5IntroApp1.debug.xcconfig */,
				67A542D3DAE0A425BF2A2ACD /* Pods-Swift5IntroApp1.release.xcconfig */,
				0E215BC1B8287A940349455B /* Pods-Swift5IntroApp1-Swift5IntroApp1UITests.debug.xcconfig */,
				68477E994F61A02C417262A4 /* Pods-Swift5IntroApp1-Swift5IntroApp1UITests.release.xcconfig */,
				49839AF2A27C6E1C9488D8C1 /* Pods-Swift5IntroApp1Tests.debug.xcconfig */,
				493905F5911ADD30FE323FE3 /* Pods-Swift5IntroApp1Tests.release.xcconfig */,
			);
			path = Pods;
			sourceTree = "<group>";
		};
/* End PBXGroup section */

/* Begin PBXNativeTarget section */
		882AE1DC243F325A00302142 /* Swift5IntroApp1 */ = {
			isa = PBXNativeTarget;
			buildConfigurationList = 882AE207243F325F00302142 /* Build configuration list for PBXNativeTarget "Swift5IntroApp1" */;
			buildPhases = (
				28DCE595C2E0502571CFCC62 /* [CP] Check Pods Manifest.lock */,
				882AE1D9243F325A00302142 /* Sources */,
				882AE1DA243F325A00302142 /* Frameworks */,
				882AE1DB243F325A00302142 /* Resources */,
				FE6C01061C8556E158755FAE /* [CP] Embed Pods Frameworks */,
			);
			buildRules = (
			);
			dependencies = (
			);
			name = Swift5IntroApp1;
			productName = Swift5IntroApp1;
			productReference = 882AE1DD243F325A00302142 /* Swift5IntroApp1.app */;
			productType = "com.apple.product-type.application";
		};
		882AE1F2243F325F00302142 /* Swift5IntroApp1Tests */ = {
			isa = PBXNativeTarget;
			buildConfigurationList = 882AE20A243F325F00302142 /* Build configuration list for PBXNativeTarget "Swift5IntroApp1Tests" */;
			buildPhases = (
				ED5B7C700A57989CD263142F /* [CP] Check Pods Manifest.lock */,
				882AE1EF243F325F00302142 /* Sources */,
				882AE1F0243F325F00302142 /* Frameworks */,
				882AE1F1243F325F00302142 /* Resources */,
			);
			buildRules = (
			);
			dependencies = (
				882AE1F5243F325F00302142 /* PBXTargetDependency */,
			);
			name = Swift5IntroApp1Tests;
			productName = Swift5IntroApp1Tests;
			productReference = 882AE1F3243F325F00302142 /* Swift5IntroApp1Tests.xctest */;
			productType = "com.apple.product-type.bundle.unit-test";
		};
		882AE1FD243F325F00302142 /* Swift5IntroApp1UITests */ = {
			isa = PBXNativeTarget;
			buildConfigurationList = 882AE20D243F325F00302142 /* Build configuration list for PBXNativeTarget "Swift5IntroApp1UITests" */;
			buildPhases = (
				F7C976090B44A12B89F4A7A4 /* [CP] Check Pods Manifest.lock */,
				882AE1FA243F325F00302142 /* Sources */,
				882AE1FB243F325F00302142 /* Frameworks */,
				882AE1FC243F325F00302142 /* Resources */,
				356C2D6044DBCAED55E57B7E /* [CP] Embed Pods Frameworks */,
			);
			buildRules = (
			);
			dependencies = (
				882AE200243F325F00302142 /* PBXTargetDependency */,
			);
			name = Swift5IntroApp1UITests;
			productName = Swift5IntroApp1UITests;
			productReference = 882AE1FE243F325F00302142 /* Swift5IntroApp1UITests.xctest */;
			productType = "com.apple.product-type.bundle.ui-testing";
		};
/* End PBXNativeTarget section */

/* Begin PBXProject section */
		882AE1D5243F325A00302142 /* Project object */ = {
			isa = PBXProject;
			attributes = {
				LastSwiftUpdateCheck = 1140;
				LastUpgradeCheck = 1140;
				ORGANIZATIONNAME = "小西壮";
				TargetAttributes = {
					882AE1DC243F325A00302142 = {
						CreatedOnToolsVersion = 11.4;
					};
					882AE1F2243F325F00302142 = {
						CreatedOnToolsVersion = 11.4;
						TestTargetID = 882AE1DC243F325A00302142;
					};
					882AE1FD243F325F00302142 = {
						CreatedOnToolsVersion = 11.4;
						TestTargetID = 882AE1DC243F325A00302142;
					};
				};
			};
			buildConfigurationList = 882AE1D8243F325A00302142 /* Build configuration list for PBXProject "Swift5IntroApp1" */;
			compatibilityVersion = "Xcode 9.3";
			developmentRegion = en;
			hasScannedForEncodings = 0;
			knownRegions = (
				en,
				Base,
			);
			mainGroup = 882AE1D4243F325A00302142;
			productRefGroup = 882AE1DE243F325A00302142 /* Products */;
			projectDirPath = "";
			projectRoot = "";
			targets = (
				882AE1DC243F325A00302142 /* Swift5IntroApp1 */,
				882AE1F2243F325F00302142 /* Swift5IntroApp1Tests */,
				882AE1FD243F325F00302142 /* Swift5IntroApp1UITests */,
			);
		};
/* End PBXProject section */

/* Begin PBXResourcesBuildPhase section */
		882AE1DB243F325A00302142 /* Resources */ = {
			isa = PBXResourcesBuildPhase;
			buildActionMask = 2147483647;
			files = (
				882AE21B243F35FA00302142 /* 1.json in Resources */,
				88B7DA9424405AF60048B5BC /* start.mov in Resources */,
				882AE21C243F35FA00302142 /* 4.json in Resources */,
				882AE21D243F35FA00302142 /* 5.json in Resources */,
				882AE219243F35FA00302142 /* 2.json in Resources */,
				882AE1ED243F325F00302142 /* LaunchScreen.storyboard in Resources */,
				882AE21E243F35FA00302142 /* 3.json in Resources */,
				882AE1EA243F325F00302142 /* Assets.xcassets in Resources */,
				882AE1E8243F325A00302142 /* Main.storyboard in Resources */,
			);
			runOnlyForDeploymentPostprocessing = 0;
		};
		882AE1F1243F325F00302142 /* Resources */ = {
			isa = PBXResourcesBuildPhase;
			buildActionMask = 2147483647;
			files = (
			);
			runOnlyForDeploymentPostprocessing = 0;
		};
		882AE1FC243F325F00302142 /* Resources */ = {
			isa = PBXResourcesBuildPhase;
			buildActionMask = 2147483647;
			files = (
			);
			runOnlyForDeploymentPostprocessing = 0;
		};
/* End PBXResourcesBuildPhase section */

/* Begin PBXShellScriptBuildPhase section */
		28DCE595C2E0502571CFCC62 /* [CP] Check Pods Manifest.lock */ = {
			isa = PBXShellScriptBuildPhase;
			buildActionMask = 2147483647;
			files = (
			);
			inputFileListPaths = (
			);
			inputPaths = (
				"${PODS_PODFILE_DIR_PATH}/Podfile.lock",
				"${PODS_ROOT}/Manifest.lock",
			);
			name = "[CP] Check Pods Manifest.lock";
			outputFileListPaths = (
			);
			outputPaths = (
				"$(DERIVED_FILE_DIR)/Pods-Swift5IntroApp1-checkManifestLockResult.txt",
			);
			runOnlyForDeploymentPostprocessing = 0;
			shellPath = /bin/sh;
			shellScript = "diff \"${PODS_PODFILE_DIR_PATH}/Podfile.lock\" \"${PODS_ROOT}/Manifest.lock\" > /dev/null\nif [ $? != 0 ] ; then\n    # print error to STDERR\n    echo \"error: The sandbox is not in sync with the Podfile.lock. Run 'pod install' or update your CocoaPods installation.\" >&2\n    exit 1\nfi\n# This output is used by Xcode 'outputs' to avoid re-running this script phase.\necho \"SUCCESS\" > \"${SCRIPT_OUTPUT_FILE_0}\"\n";
			showEnvVarsInLog = 0;
		};
		356C2D6044DBCAED55E57B7E /* [CP] Embed Pods Frameworks */ = {
			isa = PBXShellScriptBuildPhase;
			buildActionMask = 2147483647;
			files = (
			);
			inputFileListPaths = (
				"${PODS_ROOT}/Target Support Files/Pods-Swift5IntroApp1-Swift5IntroApp1UITests/Pods-Swift5IntroApp1-Swift5IntroApp1UITests-frameworks-${CONFIGURATION}-input-files.xcfilelist",
			);
			name = "[CP] Embed Pods Frameworks";
			outputFileListPaths = (
				"${PODS_ROOT}/Target Support Files/Pods-Swift5IntroApp1-Swift5IntroApp1UITests/Pods-Swift5IntroApp1-Swift5IntroApp1UITests-frameworks-${CONFIGURATION}-output-files.xcfilelist",
			);
			runOnlyForDeploymentPostprocessing = 0;
			shellPath = /bin/sh;
			shellScript = "\"${PODS_ROOT}/Target Support Files/Pods-Swift5IntroApp1-Swift5IntroApp1UITests/Pods-Swift5IntroApp1-Swift5IntroApp1UITests-frameworks.sh\"\n";
			showEnvVarsInLog = 0;
		};
		ED5B7C700A57989CD263142F /* [CP] Check Pods Manifest.lock */ = {
			isa = PBXShellScriptBuildPhase;
			buildActionMask = 2147483647;
			files = (
			);
			inputFileListPaths = (
			);
			inputPaths = (
				"${PODS_PODFILE_DIR_PATH}/Podfile.lock",
				"${PODS_ROOT}/Manifest.lock",
			);
			name = "[CP] Check Pods Manifest.lock";
			outputFileListPaths = (
			);
			outputPaths = (
				"$(DERIVED_FILE_DIR)/Pods-Swift5IntroApp1Tests-checkManifestLockResult.txt",
			);
			runOnlyForDeploymentPostprocessing = 0;
			shellPath = /bin/sh;
			shellScript = "diff \"${PODS_PODFILE_DIR_PATH}/Podfile.lock\" \"${PODS_ROOT}/Manifest.lock\" > /dev/null\nif [ $? != 0 ] ; then\n    # print error to STDERR\n    echo \"error: The sandbox is not in sync with the Podfile.lock. Run 'pod install' or update your CocoaPods installation.\" >&2\n    exit 1\nfi\n# This output is used by Xcode 'outputs' to avoid re-running this script phase.\necho \"SUCCESS\" > \"${SCRIPT_OUTPUT_FILE_0}\"\n";
			showEnvVarsInLog = 0;
		};
		F7C976090B44A12B89F4A7A4 /* [CP] Check Pods Manifest.lock */ = {
			isa = PBXShellScriptBuildPhase;
			buildActionMask = 2147483647;
			files = (
			);
			inputFileListPaths = (
			);
			inputPaths = (
				"${PODS_PODFILE_DIR_PATH}/Podfile.lock",
				"${PODS_ROOT}/Manifest.lock",
			);
			name = "[CP] Check Pods Manifest.lock";
			outputFileListPaths = (
			);
			outputPaths = (
				"$(DERIVED_FILE_DIR)/Pods-Swift5IntroApp1-Swift5IntroApp1UITests-checkManifestLockResult.txt",
			);
			runOnlyForDeploymentPostprocessing = 0;
			shellPath = /bin/sh;
			shellScript = "diff \"${PODS_PODFILE_DIR_PATH}/Podfile.lock\" \"${PODS_ROOT}/Manifest.lock\" > /dev/null\nif [ $? != 0 ] ; then\n    # print error to STDERR\n    echo \"error: The sandbox is not in sync with the Podfile.lock. Run 'pod install' or update your CocoaPods installation.\" >&2\n    exit 1\nfi\n# This output is used by Xcode 'outputs' to avoid re-running this script phase.\necho \"SUCCESS\" > \"${SCRIPT_OUTPUT_FILE_0}\"\n";
			showEnvVarsInLog = 0;
		};
		FE6C01061C8556E158755FAE /* [CP] Embed Pods Frameworks */ = {
			isa = PBXShellScriptBuildPhase;
			buildActionMask = 2147483647;
			files = (
			);
			inputFileListPaths = (
				"${PODS_ROOT}/Target Support Files/Pods-Swift5IntroApp1/Pods-Swift5IntroApp1-frameworks-${CONFIGURATION}-input-files.xcfilelist",
			);
			name = "[CP] Embed Pods Frameworks";
			outputFileListPaths = (
				"${PODS_ROOT}/Target Support Files/Pods-Swift5IntroApp1/Pods-Swift5IntroApp1-frameworks-${CONFIGURATION}-output-files.xcfilelist",
			);
			runOnlyForDeploymentPostprocessing = 0;
			shellPath = /bin/sh;
			shellScript = "\"${PODS_ROOT}/Target Support Files/Pods-Swift5IntroApp1/Pods-Swift5IntroApp1-frameworks.sh\"\n";
			showEnvVarsInLog = 0;
		};
/* End PBXShellScriptBuildPhase section */

/* Begin PBXSourcesBuildPhase section */
		882AE1D9243F325A00302142 /* Sources */ = {
			isa = PBXSourcesBuildPhase;
			buildActionMask = 2147483647;
			files = (
				882AE1E5243F325A00302142 /* ViewController.swift in Sources */,
				88B7DA8E244053D80048B5BC /* WebViewController.swift in Sources */,
				88B7DA8C2440426B0048B5BC /* NewsItems.swift in Sources */,
				88B7DA9224405AA30048B5BC /* Page3ViewController.swift in Sources */,
				88B7DA86243F4B9E0048B5BC /* LoginMovieViewController.swift in Sources */,
				882AE1E1243F325A00302142 /* AppDelegate.swift in Sources */,
				882AE1E3243F325A00302142 /* SceneDelegate.swift in Sources */,
				88B7DA9024405A450048B5BC /* Page2ViewController.swift in Sources */,
				88B7DA9624405B130048B5BC /* Page4ViewController.swift in Sources */,
				88B7DA8A24403CDD0048B5BC /* Page1ViewController.swift in Sources */,
				882AE220243F362C00302142 /* IntroViewController.swift in Sources */,
				88B7DA88243F537F0048B5BC /* BaseViewController.swift in Sources */,
			);
			runOnlyForDeploymentPostprocessing = 0;
		};
		882AE1EF243F325F00302142 /* Sources */ = {
			isa = PBXSourcesBuildPhase;
			buildActionMask = 2147483647;
			files = (
				882AE1F8243F325F00302142 /* Swift5IntroApp1Tests.swift in Sources */,
			);
			runOnlyForDeploymentPostprocessing = 0;
		};
		882AE1FA243F325F00302142 /* Sources */ = {
			isa = PBXSourcesBuildPhase;
			buildActionMask = 2147483647;
			files = (
				882AE203243F325F00302142 /* Swift5IntroApp1UITests.swift in Sources */,
			);
			runOnlyForDeploymentPostprocessing = 0;
		};
/* End PBXSourcesBuildPhase section */

/* Begin PBXTargetDependency section */
		882AE1F5243F325F00302142 /* PBXTargetDependency */ = {
			isa = PBXTargetDependency;
			target = 882AE1DC243F325A00302142 /* Swift5IntroApp1 */;
			targetProxy = 882AE1F4243F325F00302142 /* PBXContainerItemProxy */;
		};
		882AE200243F325F00302142 /* PBXTargetDependency */ = {
			isa = PBXTargetDependency;
			target = 882AE1DC243F325A00302142 /* Swift5IntroApp1 */;
			targetProxy = 882AE1FF243F325F00302142 /* PBXContainerItemProxy */;
		};
/* End PBXTargetDependency section */

/* Begin PBXVariantGroup section */
		882AE1E6243F325A00302142 /* Main.storyboard */ = {
			isa = PBXVariantGroup;
			children = (
				882AE1E7243F325A00302142 /* Base */,
			);
			name = Main.storyboard;
			sourceTree = "<group>";
		};
		882AE1EB243F325F00302142 /* LaunchScreen.storyboard */ = {
			isa = PBXVariantGroup;
			children = (
				882AE1EC243F325F00302142 /* Base */,
			);
			name = LaunchScreen.storyboard;
			sourceTree = "<group>";
		};
/* End PBXVariantGroup section */

/* Begin XCBuildConfiguration section */
		882AE205243F325F00302142 /* Debug */ = {
			isa = XCBuildConfiguration;
			buildSettings = {
				ALWAYS_SEARCH_USER_PATHS = NO;
				CLANG_ANALYZER_NONNULL = YES;
				CLANG_ANALYZER_NUMBER_OBJECT_CONVERSION = YES_AGGRESSIVE;
				CLANG_CXX_LANGUAGE_STANDARD = "gnu++14";
				CLANG_CXX_LIBRARY = "libc++";
				CLANG_ENABLE_MODULES = YES;
				CLANG_ENABLE_OBJC_ARC = YES;
				CLANG_ENABLE_OBJC_WEAK = YES;
				CLANG_WARN_BLOCK_CAPTURE_AUTORELEASING = YES;
				CLANG_WARN_BOOL_CONVERSION = YES;
				CLANG_WARN_COMMA = YES;
				CLANG_WARN_CONSTANT_CONVERSION = YES;
				CLANG_WARN_DEPRECATED_OBJC_IMPLEMENTATIONS = YES;
				CLANG_WARN_DIRECT_OBJC_ISA_USAGE = YES_ERROR;
				CLANG_WARN_DOCUMENTATION_COMMENTS = YES;
				CLANG_WARN_EMPTY_BODY = YES;
				CLANG_WARN_ENUM_CONVERSION = YES;
				CLANG_WARN_INFINITE_RECURSION = YES;
				CLANG_WARN_INT_CONVERSION = YES;
				CLANG_WARN_NON_LITERAL_NULL_CONVERSION = YES;
				CLANG_WARN_OBJC_IMPLICIT_RETAIN_SELF = YES;
				CLANG_WARN_OBJC_LITERAL_CONVERSION = YES;
				CLANG_WARN_OBJC_ROOT_CLASS = YES_ERROR;
				CLANG_WARN_RANGE_LOOP_ANALYSIS = YES;
				CLANG_WARN_STRICT_PROTOTYPES = YES;
				CLANG_WARN_SUSPICIOUS_MOVE = YES;
				CLANG_WARN_UNGUARDED_AVAILABILITY = YES_AGGRESSIVE;
				CLANG_WARN_UNREACHABLE_CODE = YES;
				CLANG_WARN__DUPLICATE_METHOD_MATCH = YES;
				COPY_PHASE_STRIP = NO;
				DEBUG_INFORMATION_FORMAT = dwarf;
				ENABLE_STRICT_OBJC_MSGSEND = YES;
				ENABLE_TESTABILITY = YES;
				GCC_C_LANGUAGE_STANDARD = gnu11;
				GCC_DYNAMIC_NO_PIC = NO;
				GCC_NO_COMMON_BLOCKS = YES;
				GCC_OPTIMIZATION_LEVEL = 0;
				GCC_PREPROCESSOR_DEFINITIONS = (
					"DEBUG=1",
					"$(inherited)",
				);
				GCC_WARN_64_TO_32_BIT_CONVERSION = YES;
				GCC_WARN_ABOUT_RETURN_TYPE = YES_ERROR;
				GCC_WARN_UNDECLARED_SELECTOR = YES;
				GCC_WARN_UNINITIALIZED_AUTOS = YES_AGGRESSIVE;
				GCC_WARN_UNUSED_FUNCTION = YES;
				GCC_WARN_UNUSED_VARIABLE = YES;
				IPHONEOS_DEPLOYMENT_TARGET = 13.4;
				MTL_ENABLE_DEBUG_INFO = INCLUDE_SOURCE;
				MTL_FAST_MATH = YES;
				ONLY_ACTIVE_ARCH = YES;
				SDKROOT = iphoneos;
				SWIFT_ACTIVE_COMPILATION_CONDITIONS = DEBUG;
				SWIFT_OPTIMIZATION_LEVEL = "-Onone";
			};
			name = Debug;
		};
		882AE206243F325F00302142 /* Release */ = {
			isa = XCBuildConfiguration;
			buildSettings = {
				ALWAYS_SEARCH_USER_PATHS = NO;
				CLANG_ANALYZER_NONNULL = YES;
				CLANG_ANALYZER_NUMBER_OBJECT_CONVERSION = YES_AGGRESSIVE;
				CLANG_CXX_LANGUAGE_STANDARD = "gnu++14";
				CLANG_CXX_LIBRARY = "libc++";
				CLANG_ENABLE_MODULES = YES;
				CLANG_ENABLE_OBJC_ARC = YES;
				CLANG_ENABLE_OBJC_WEAK = YES;
				CLANG_WARN_BLOCK_CAPTURE_AUTORELEASING = YES;
				CLANG_WARN_BOOL_CONVERSION = YES;
				CLANG_WARN_COMMA = YES;
				CLANG_WARN_CONSTANT_CONVERSION = YES;
				CLANG_WARN_DEPRECATED_OBJC_IMPLEMENTATIONS = YES;
				CLANG_WARN_DIRECT_OBJC_ISA_USAGE = YES_ERROR;
				CLANG_WARN_DOCUMENTATION_COMMENTS = YES;
				CLANG_WARN_EMPTY_BODY = YES;
				CLANG_WARN_ENUM_CONVERSION = YES;
				CLANG_WARN_INFINITE_RECURSION = YES;
				CLANG_WARN_INT_CONVERSION = YES;
				CLANG_WARN_NON_LITERAL_NULL_CONVERSION = YES;
				CLANG_WARN_OBJC_IMPLICIT_RETAIN_SELF = YES;
				CLANG_WARN_OBJC_LITERAL_CONVERSION = YES;
				CLANG_WARN_OBJC_ROOT_CLASS = YES_ERROR;
				CLANG_WARN_RANGE_LOOP_ANALYSIS = YES;
				CLANG_WARN_STRICT_PROTOTYPES = YES;
				CLANG_WARN_SUSPICIOUS_MOVE = YES;
				CLANG_WARN_UNGUARDED_AVAILABILITY = YES_AGGRESSIVE;
				CLANG_WARN_UNREACHABLE_CODE = YES;
				CLANG_WARN__DUPLICATE_METHOD_MATCH = YES;
				COPY_PHASE_STRIP = NO;
				DEBUG_INFORMATION_FORMAT = "dwarf-with-dsym";
				ENABLE_NS_ASSERTIONS = NO;
				ENABLE_STRICT_OBJC_MSGSEND = YES;
				GCC_C_LANGUAGE_STANDARD = gnu11;
				GCC_NO_COMMON_BLOCKS = YES;
				GCC_WARN_64_TO_32_BIT_CONVERSION = YES;
				GCC_WARN_ABOUT_RETURN_TYPE = YES_ERROR;
				GCC_WARN_UNDECLARED_SELECTOR = YES;
				GCC_WARN_UNINITIALIZED_AUTOS = YES_AGGRESSIVE;
				GCC_WARN_UNUSED_FUNCTION = YES;
				GCC_WARN_UNUSED_VARIABLE = YES;
				IPHONEOS_DEPLOYMENT_TARGET = 13.4;
				MTL_ENABLE_DEBUG_INFO = NO;
				MTL_FAST_MATH = YES;
				SDKROOT = iphoneos;
				SWIFT_COMPILATION_MODE = wholemodule;
				SWIFT_OPTIMIZATION_LEVEL = "-O";
				VALIDATE_PRODUCT = YES;
			};
			name = Release;
		};
		882AE208243F325F00302142 /* Debug */ = {
			isa = XCBuildConfiguration;
			baseConfigurationReference = 49E27DC106C27AE3BC0D5E3F /* Pods-Swift5IntroApp1.debug.xcconfig */;
			buildSettings = {
				ASSETCATALOG_COMPILER_APPICON_NAME = AppIcon;
				CODE_SIGN_STYLE = Automatic;
				DEVELOPMENT_TEAM = Q9XTVNPMDU;
				INFOPLIST_FILE = Swift5IntroApp1/Info.plist;
				LD_RUNPATH_SEARCH_PATHS = (
					"$(inherited)",
					"@executable_path/Frameworks",
				);
				PRODUCT_BUNDLE_IDENTIFIER = com.sokonishi.Swift5IntroApp1;
				PRODUCT_NAME = "$(TARGET_NAME)";
				SWIFT_VERSION = 5.0;
				TARGETED_DEVICE_FAMILY = "1,2";
			};
			name = Debug;
		};
		882AE209243F325F00302142 /* Release */ = {
			isa = XCBuildConfiguration;
			baseConfigurationReference = 67A542D3DAE0A425BF2A2ACD /* Pods-Swift5IntroApp1.release.xcconfig */;
			buildSettings = {
				ASSETCATALOG_COMPILER_APPICON_NAME = AppIcon;
				CODE_SIGN_STYLE = Automatic;
				DEVELOPMENT_TEAM = Q9XTVNPMDU;
				INFOPLIST_FILE = Swift5IntroApp1/Info.plist;
				LD_RUNPATH_SEARCH_PATHS = (
					"$(inherited)",
					"@executable_path/Frameworks",
				);
				PRODUCT_BUNDLE_IDENTIFIER = com.sokonishi.Swift5IntroApp1;
				PRODUCT_NAME = "$(TARGET_NAME)";
				SWIFT_VERSION = 5.0;
				TARGETED_DEVICE_FAMILY = "1,2";
			};
			name = Release;
		};
		882AE20B243F325F00302142 /* Debug */ = {
			isa = XCBuildConfiguration;
			baseConfigurationReference = 49839AF2A27C6E1C9488D8C1 /* Pods-Swift5IntroApp1Tests.debug.xcconfig */;
			buildSettings = {
				ALWAYS_EMBED_SWIFT_STANDARD_LIBRARIES = YES;
				BUNDLE_LOADER = "$(TEST_HOST)";
				CODE_SIGN_STYLE = Automatic;
				DEVELOPMENT_TEAM = Q9XTVNPMDU;
				INFOPLIST_FILE = Swift5IntroApp1Tests/Info.plist;
				IPHONEOS_DEPLOYMENT_TARGET = 13.4;
				LD_RUNPATH_SEARCH_PATHS = (
					"$(inherited)",
					"@executable_path/Frameworks",
					"@loader_path/Frameworks",
				);
				PRODUCT_BUNDLE_IDENTIFIER = com.sokonishi.Swift5IntroApp1Tests;
				PRODUCT_NAME = "$(TARGET_NAME)";
				SWIFT_VERSION = 5.0;
				TARGETED_DEVICE_FAMILY = "1,2";
				TEST_HOST = "$(BUILT_PRODUCTS_DIR)/Swift5IntroApp1.app/Swift5IntroApp1";
			};
			name = Debug;
		};
		882AE20C243F325F00302142 /* Release */ = {
			isa = XCBuildConfiguration;
			baseConfigurationReference = 493905F5911ADD30FE323FE3 /* Pods-Swift5IntroApp1Tests.release.xcconfig */;
			buildSettings = {
				ALWAYS_EMBED_SWIFT_STANDARD_LIBRARIES = YES;
				BUNDLE_LOADER = "$(TEST_HOST)";
				CODE_SIGN_STYLE = Automatic;
				DEVELOPMENT_TEAM = Q9XTVNPMDU;
				INFOPLIST_FILE = Swift5IntroApp1Tests/Info.plist;
				IPHONEOS_DEPLOYMENT_TARGET = 13.4;
				LD_RUNPATH_SEARCH_PATHS = (
					"$(inherited)",
					"@executable_path/Frameworks",
					"@loader_path/Frameworks",
				);
				PRODUCT_BUNDLE_IDENTIFIER = com.sokonishi.Swift5IntroApp1Tests;
				PRODUCT_NAME = "$(TARGET_NAME)";
				SWIFT_VERSION = 5.0;
				TARGETED_DEVICE_FAMILY = "1,2";
				TEST_HOST = "$(BUILT_PRODUCTS_DIR)/Swift5IntroApp1.app/Swift5IntroApp1";
			};
			name = Release;
		};
		882AE20E243F325F00302142 /* Debug */ = {
			isa = XCBuildConfiguration;
			baseConfigurationReference = 0E215BC1B8287A940349455B /* Pods-Swift5IntroApp1-Swift5IntroApp1UITests.debug.xcconfig */;
			buildSettings = {
				ALWAYS_EMBED_SWIFT_STANDARD_LIBRARIES = YES;
				CODE_SIGN_STYLE = Automatic;
				DEVELOPMENT_TEAM = Q9XTVNPMDU;
				INFOPLIST_FILE = Swift5IntroApp1UITests/Info.plist;
				LD_RUNPATH_SEARCH_PATHS = (
					"$(inherited)",
					"@executable_path/Frameworks",
					"@loader_path/Frameworks",
				);
				PRODUCT_BUNDLE_IDENTIFIER = com.sokonishi.Swift5IntroApp1UITests;
				PRODUCT_NAME = "$(TARGET_NAME)";
				SWIFT_VERSION = 5.0;
				TARGETED_DEVICE_FAMILY = "1,2";
				TEST_TARGET_NAME = Swift5IntroApp1;
			};
			name = Debug;
		};
		882AE20F243F325F00302142 /* Release */ = {
			isa = XCBuildConfiguration;
			baseConfigurationReference = 68477E994F61A02C417262A4 /* Pods-Swift5IntroApp1-Swift5IntroApp1UITests.release.xcconfig */;
			buildSettings = {
				ALWAYS_EMBED_SWIFT_STANDARD_LIBRARIES = YES;
				CODE_SIGN_STYLE = Automatic;
				DEVELOPMENT_TEAM = Q9XTVNPMDU;
				INFOPLIST_FILE = Swift5IntroApp1UITests/Info.plist;
				LD_RUNPATH_SEARCH_PATHS = (
					"$(inherited)",
					"@executable_path/Frameworks",
					"@loader_path/Frameworks",
				);
				PRODUCT_BUNDLE_IDENTIFIER = com.sokonishi.Swift5IntroApp1UITests;
				PRODUCT_NAME = "$(TARGET_NAME)";
				SWIFT_VERSION = 5.0;
				TARGETED_DEVICE_FAMILY = "1,2";
				TEST_TARGET_NAME = Swift5IntroApp1;
			};
			name = Release;
		};
/* End XCBuildConfiguration section */

/* Begin XCConfigurationList section */
		882AE1D8243F325A00302142 /* Build configuration list for PBXProject "Swift5IntroApp1" */ = {
			isa = XCConfigurationList;
			buildConfigurations = (
				882AE205243F325F00302142 /* Debug */,
				882AE206243F325F00302142 /* Release */,
			);
			defaultConfigurationIsVisible = 0;
			defaultConfigurationName = Release;
		};
		882AE207243F325F00302142 /* Build configuration list for PBXNativeTarget "Swift5IntroApp1" */ = {
			isa = XCConfigurationList;
			buildConfigurations = (
				882AE208243F325F00302142 /* Debug */,
				882AE209243F325F00302142 /* Release */,
			);
			defaultConfigurationIsVisible = 0;
			defaultConfigurationName = Release;
		};
		882AE20A243F325F00302142 /* Build configuration list for PBXNativeTarget "Swift5IntroApp1Tests" */ = {
			isa = XCConfigurationList;
			buildConfigurations = (
				882AE20B243F325F00302142 /* Debug */,
				882AE20C243F325F00302142 /* Release */,
			);
			defaultConfigurationIsVisible = 0;
			defaultConfigurationName = Release;
		};
		882AE20D243F325F00302142 /* Build configuration list for PBXNativeTarget "Swift5IntroApp1UITests" */ = {
			isa = XCConfigurationList;
			buildConfigurations = (
				882AE20E243F325F00302142 /* Debug */,
				882AE20F243F325F00302142 /* Release */,
			);
			defaultConfigurationIsVisible = 0;
			defaultConfigurationName = Release;
		};
/* End XCConfigurationList section */
	};
	rootObject = 882AE1D5243F325A00302142 /* Project object */;
}
